
Microsoft Visual Studio Solution File, Format Version 12.00
# Visual Studio Version 16
VisualStudioVersion = 16.0.31624.102
MinimumVisualStudioVersion = 10.0.40219.1
Project("{FAE04EC0-301F-11D3-BF4B-00C04F79EFBC}") = "Lab4_Demo_Editor", "Lab4_Demo_Editor\Lab4_Demo_Editor.csproj", "{C237E245-14F4-4868-8803-0EB1583B5620}"
EndProject
Global
	GlobalSection(SolutionConfigurationPlatforms) = preSolution
		Debug|Any CPU = Debug|Any CPU
		Release|Any CPU = Release|Any CPU
	EndGlobalSection
	GlobalSection(ProjectConfigurationPlatforms) = postSolution
		{C237E245-14F4-4868-8803-0EB1583B5620}.Debug|Any CPU.ActiveCfg = Debug|Any CPU
		{C237E245-14F4-4868-8803-0EB1583B5620}.Debug|Any CPU.Build.0 = Debug|Any CPU
		{C237E245-14F4-4868-8803-0EB1583B5620}.Release|Any CPU.ActiveCfg = Release|Any CPU
		{C237E245-14F4-4868-8803-0EB1583B5620}.Release|Any CPU.Build.0 = Release|Any CPU
	EndGlobalSection
	GlobalSection(SolutionProperties) = preSolution
		HideSolutionNode = FALSE
	EndGlobalSection
	GlobalSection(ExtensibilityGlobals) = postSolution
		SolutionGuid = {74C783AF-3745-487E-A25C-2C03AC325705}
	EndGlobalSection
EndGlobal
