
Microsoft Visual Studio Solution File, Format Version 12.00
# Visual Studio Version 16
VisualStudioVersion = 16.0.31624.102
MinimumVisualStudioVersion = 10.0.40219.1
Project("{FAE04EC0-301F-11D3-BF4B-00C04F79EFBC}") = "Lab4_WindowsApplication", "Lab4_WindowsApplication\Lab4_WindowsApplication.csproj", "{1501849F-A909-467C-9A40-98C8F5B7E1FD}"
EndProject
Global
	GlobalSection(SolutionConfigurationPlatforms) = preSolution
		Debug|Any CPU = Debug|Any CPU
		Release|Any CPU = Release|Any CPU
	EndGlobalSection
	GlobalSection(ProjectConfigurationPlatforms) = postSolution
		{1501849F-A909-467C-9A40-98C8F5B7E1FD}.Debug|Any CPU.ActiveCfg = Debug|Any CPU
		{1501849F-A909-467C-9A40-98C8F5B7E1FD}.Debug|Any CPU.Build.0 = Debug|Any CPU
		{1501849F-A909-467C-9A40-98C8F5B7E1FD}.Release|Any CPU.ActiveCfg = Release|Any CPU
		{1501849F-A909-467C-9A40-98C8F5B7E1FD}.Release|Any CPU.Build.0 = Release|Any CPU
	EndGlobalSection
	GlobalSection(SolutionProperties) = preSolution
		HideSolutionNode = FALSE
	EndGlobalSection
	GlobalSection(ExtensibilityGlobals) = postSolution
		SolutionGuid = {1B339191-7AEE-418E-AA21-2D05A1E7D7B3}
	EndGlobalSection
EndGlobal
