
Microsoft Visual Studio Solution File, Format Version 12.00
# Visual Studio Version 16
VisualStudioVersion = 16.0.31624.102
MinimumVisualStudioVersion = 10.0.40219.1
Project("{FAE04EC0-301F-11D3-BF4B-00C04F79EFBC}") = "Lab02_Bai2_GiaoVien", "Lab02_Bai2_GiaoVien\Lab02_Bai2_GiaoVien.csproj", "{4DAB57C0-3919-46B5-A9FC-760393514E29}"
EndProject
Global
	GlobalSection(SolutionConfigurationPlatforms) = preSolution
		Debug|Any CPU = Debug|Any CPU
		Release|Any CPU = Release|Any CPU
	EndGlobalSection
	GlobalSection(ProjectConfigurationPlatforms) = postSolution
		{4DAB57C0-3919-46B5-A9FC-760393514E29}.Debug|Any CPU.ActiveCfg = Debug|Any CPU
		{4DAB57C0-3919-46B5-A9FC-760393514E29}.Debug|Any CPU.Build.0 = Debug|Any CPU
		{4DAB57C0-3919-46B5-A9FC-760393514E29}.Release|Any CPU.ActiveCfg = Release|Any CPU
		{4DAB57C0-3919-46B5-A9FC-760393514E29}.Release|Any CPU.Build.0 = Release|Any CPU
	EndGlobalSection
	GlobalSection(SolutionProperties) = preSolution
		HideSolutionNode = FALSE
	EndGlobalSection
	GlobalSection(ExtensibilityGlobals) = postSolution
		SolutionGuid = {1F181C6B-BD97-4A80-9F23-834F9FBA67FD}
	EndGlobalSection
EndGlobal
