
Microsoft Visual Studio Solution File, Format Version 12.00
# Visual Studio Version 16
VisualStudioVersion = 16.0.31624.102
MinimumVisualStudioVersion = 10.0.40219.1
Project("{FAE04EC0-301F-11D3-BF4B-00C04F79EFBC}") = "Lab9_Entity_Framework", "Lab9_Entity_Framework\Lab9_Entity_Framework.csproj", "{FD647062-1518-4E57-8627-B07C747C0C1A}"
EndProject
Global
	GlobalSection(SolutionConfigurationPlatforms) = preSolution
		Debug|Any CPU = Debug|Any CPU
		Release|Any CPU = Release|Any CPU
	EndGlobalSection
	GlobalSection(ProjectConfigurationPlatforms) = postSolution
		{FD647062-1518-4E57-8627-B07C747C0C1A}.Debug|Any CPU.ActiveCfg = Debug|Any CPU
		{FD647062-1518-4E57-8627-B07C747C0C1A}.Debug|Any CPU.Build.0 = Debug|Any CPU
		{FD647062-1518-4E57-8627-B07C747C0C1A}.Release|Any CPU.ActiveCfg = Release|Any CPU
		{FD647062-1518-4E57-8627-B07C747C0C1A}.Release|Any CPU.Build.0 = Release|Any CPU
	EndGlobalSection
	GlobalSection(SolutionProperties) = preSolution
		HideSolutionNode = FALSE
	EndGlobalSection
	GlobalSection(ExtensibilityGlobals) = postSolution
		SolutionGuid = {B18D19BA-E441-46AF-B1C0-07A16056B8A5}
	EndGlobalSection
EndGlobal
