
Microsoft Visual Studio Solution File, Format Version 12.00
# Visual Studio Version 16
VisualStudioVersion = 16.0.31624.102
MinimumVisualStudioVersion = 10.0.40219.1
Project("{FAE04EC0-301F-11D3-BF4B-00C04F79EFBC}") = "BaiTapTuan3", "BaiTapTuan3\BaiTapTuan3.csproj", "{540DE9BE-842A-4B9F-AA43-793FED279EDB}"
EndProject
Global
	GlobalSection(SolutionConfigurationPlatforms) = preSolution
		Debug|Any CPU = Debug|Any CPU
		Release|Any CPU = Release|Any CPU
	EndGlobalSection
	GlobalSection(ProjectConfigurationPlatforms) = postSolution
		{540DE9BE-842A-4B9F-AA43-793FED279EDB}.Debug|Any CPU.ActiveCfg = Debug|Any CPU
		{540DE9BE-842A-4B9F-AA43-793FED279EDB}.Debug|Any CPU.Build.0 = Debug|Any CPU
		{540DE9BE-842A-4B9F-AA43-793FED279EDB}.Release|Any CPU.ActiveCfg = Release|Any CPU
		{540DE9BE-842A-4B9F-AA43-793FED279EDB}.Release|Any CPU.Build.0 = Release|Any CPU
	EndGlobalSection
	GlobalSection(SolutionProperties) = preSolution
		HideSolutionNode = FALSE
	EndGlobalSection
	GlobalSection(ExtensibilityGlobals) = postSolution
		SolutionGuid = {32BE3047-B81C-4500-B5FD-7C4113624FC4}
	EndGlobalSection
EndGlobal
